
Microsoft Visual Studio Solution File, Format Version 12.00
# Visual Studio Version 16
VisualStudioVersion = 16.0.31321.278
MinimumVisualStudioVersion = 10.0.40219.1
Project("{FAE04EC0-301F-11D3-BF4B-00C04F79EFBC}") = "WpfApp48", "WpfApp48.csproj", "{CF7F0760-EF57-4D8B-985A-62B56058E3AD}"
EndProject
Global
	GlobalSection(SolutionConfigurationPlatforms) = preSolution
		Debug|Any CPU = Debug|Any CPU
		Release|Any CPU = Release|Any CPU
	EndGlobalSection
	GlobalSection(ProjectConfigurationPlatforms) = postSolution
		{CF7F0760-EF57-4D8B-985A-62B56058E3AD}.Debug|Any CPU.ActiveCfg = Debug|Any CPU
		{CF7F0760-EF57-4D8B-985A-62B56058E3AD}.Debug|Any CPU.Build.0 = Debug|Any CPU
		{CF7F0760-EF57-4D8B-985A-62B56058E3AD}.Release|Any CPU.ActiveCfg = Release|Any CPU
		{CF7F0760-EF57-4D8B-985A-62B56058E3AD}.Release|Any CPU.Build.0 = Release|Any CPU
	EndGlobalSection
	GlobalSection(SolutionProperties) = preSolution
		HideSolutionNode = FALSE
	EndGlobalSection
	GlobalSection(ExtensibilityGlobals) = postSolution
		SolutionGuid = {DBE7520E-722E-478E-B185-1002F04BAA47}
	EndGlobalSection
EndGlobal
